github.com/joho/godotenv v1.3.0 h1:Zjp+RcGpHhGlrMbJzXTrZZPrWj+1vfm90La1wgB6Bhc=
github.com/joho/godotenv v1.3.0/go.mod h1:7hK45KPybAkOC6peb+G5yklZfMxEjkZhHbwpqxOKXbg=
github.com/jrm780/gotirc v0.0.0-20180213030644-65759644127d h1:rPTN5bl17eOrBtzdasV+iBFIUkYjvdRB94242+pgx7A=
github.com/jrm780/gotirc v0.0.0-20180213030644-65759644127d/go.mod h1:9YuEelFAhC9eleF35co83NW/8weH6m/1qWWt9wP7FKE=
